<?xml version="1.0" encoding="utf-8"?>
<Project ToolsVersion="4.0" xmlns="http://schemas.microsoft.com/developer/msbuild/2003">
  <ItemGroup>
    <Filter Include="소스 파일">
      <UniqueIdentifier>{4FC737F1-C7A5-4376-A066-2A32D752A2FF}</UniqueIdentifier>
      <Extensions>cpp;c;cc;cxx;def;odl;idl;hpj;bat;asm;asmx</Extensions>
    </Filter>
    <Filter Include="헤더 파일">
      <UniqueIdentifier>{93995380-89BD-4b04-88EB-625FBE52EBFB}</UniqueIdentifier>
      <Extensions>h;hpp;hxx;hm;inl;inc;xsd</Extensions>
    </Filter>
    <Filter Include="리소스 파일">
      <UniqueIdentifier>{67DA6AB6-F800-4c08-8B7A-83BB121AAD01}</UniqueIdentifier>
      <Extensions>rc;ico;cur;bmp;dlg;rc2;rct;bin;rgs;gif;jpg;jpeg;jpe;resx;tiff;tif;png;wav;mfcribbon-ms</Extensions>
    </Filter>
    <Filter Include="소스 파일\DX11">
      <UniqueIdentifier>{4cbf9240-3ad7-49ac-9414-5c5631e1b8aa}</UniqueIdentifier>
    </Filter>
    <Filter Include="소스 파일\Game Logic">
      <UniqueIdentifier>{c272e9e9-6ae4-4a26-b88b-ce8b60780287}</UniqueIdentifier>
    </Filter>
    <Filter Include="소스 파일\ETC">
      <UniqueIdentifier>{f289f1b8-d5a2-44f3-95d2-22d3ac7939c8}</UniqueIdentifier>
    </Filter>
    <Filter Include="소스 파일\FBX">
      <UniqueIdentifier>{242111ba-d4de-4d76-91c9-d82937c49054}</UniqueIdentifier>
    </Filter>
    <Filter Include="헤더 파일\DX11">
      <UniqueIdentifier>{be69f01c-bc9e-47d1-8d33-d61adff328a3}</UniqueIdentifier>
    </Filter>
    <Filter Include="헤더 파일\ETC">
      <UniqueIdentifier>{1c4398d5-50f8-4477-9bc7-79b88bf7f541}</UniqueIdentifier>
    </Filter>
    <Filter Include="헤더 파일\FBX">
      <UniqueIdentifier>{8da20357-c814-4b48-8342-925436edfdda}</UniqueIdentifier>
    </Filter>
    <Filter Include="헤더 파일\Game Logic">
      <UniqueIdentifier>{9b079d85-c5eb-41cf-a814-3e8bb3b4cff3}</UniqueIdentifier>
    </Filter>
    <Filter Include="헤더 파일\FBX\Animation">
      <UniqueIdentifier>{0f3b565e-724c-44a6-84d0-d3bdbee00aeb}</UniqueIdentifier>
    </Filter>
    <Filter Include="소스 파일\FBX\Animation">
      <UniqueIdentifier>{0e398302-b709-4caa-99a7-8c02473a6fbc}</UniqueIdentifier>
    </Filter>
  </ItemGroup>
  <ItemGroup>
    <None Include="ReadMe.txt" />
    <None Include="small.ico">
      <Filter>리소스 파일</Filter>
    </None>
    <None Include="LabProject07-3.ico">
      <Filter>리소스 파일</Filter>
    </None>
    <None Include="Effect.fx" />
  </ItemGroup>
  <ItemGroup>
    <ClInclude Include="Mesh.h">
      <Filter>헤더 파일\DX11</Filter>
    </ClInclude>
    <ClInclude Include="Shader.h">
      <Filter>헤더 파일\DX11</Filter>
    </ClInclude>
    <ClInclude Include="LabProject07-3.h">
      <Filter>헤더 파일\ETC</Filter>
    </ClInclude>
    <ClInclude Include="Resource.h">
      <Filter>헤더 파일\ETC</Filter>
    </ClInclude>
    <ClInclude Include="stdafx.h">
      <Filter>헤더 파일\ETC</Filter>
    </ClInclude>
    <ClInclude Include="targetver.h">
      <Filter>헤더 파일\ETC</Filter>
    </ClInclude>
    <ClInclude Include="Camera.h">
      <Filter>헤더 파일\Game Logic</Filter>
    </ClInclude>
    <ClInclude Include="GameFramework.h">
      <Filter>헤더 파일\Game Logic</Filter>
    </ClInclude>
    <ClInclude Include="Object.h">
      <Filter>헤더 파일\Game Logic</Filter>
    </ClInclude>
    <ClInclude Include="Scene.h">
      <Filter>헤더 파일\Game Logic</Filter>
    </ClInclude>
    <ClInclude Include="Timer.h">
      <Filter>헤더 파일\Game Logic</Filter>
    </ClInclude>
    <ClInclude Include="FbxToDxTranslation.h">
      <Filter>헤더 파일\FBX</Filter>
    </ClInclude>
    <ClInclude Include="Light.h">
      <Filter>헤더 파일\DX11</Filter>
    </ClInclude>
    <ClInclude Include="Vertex.h">
      <Filter>헤더 파일\DX11</Filter>
    </ClInclude>
    <ClInclude Include="Texture.h">
      <Filter>헤더 파일\DX11</Filter>
    </ClInclude>
    <ClInclude Include="AABB.h">
      <Filter>헤더 파일\DX11</Filter>
    </ClInclude>
    <ClInclude Include="Material.h">
      <Filter>헤더 파일\DX11</Filter>
    </ClInclude>
    <ClInclude Include="Animation.h">
      <Filter>헤더 파일\FBX\Animation</Filter>
    </ClInclude>
    <ClInclude Include="AnimationController.h">
      <Filter>헤더 파일\FBX\Animation</Filter>
    </ClInclude>
    <ClInclude Include="AnimationInstancing.h">
      <Filter>헤더 파일\FBX\Animation</Filter>
    </ClInclude>
  </ItemGroup>
  <ItemGroup>
    <ClCompile Include="Mesh.cpp">
      <Filter>소스 파일\DX11</Filter>
    </ClCompile>
    <ClCompile Include="Camera.cpp">
      <Filter>소스 파일\Game Logic</Filter>
    </ClCompile>
    <ClCompile Include="GameFramework.cpp">
      <Filter>소스 파일\Game Logic</Filter>
    </ClCompile>
    <ClCompile Include="Object.cpp">
      <Filter>소스 파일\Game Logic</Filter>
    </ClCompile>
    <ClCompile Include="Scene.cpp">
      <Filter>소스 파일\Game Logic</Filter>
    </ClCompile>
    <ClCompile Include="Timer.cpp">
      <Filter>소스 파일\Game Logic</Filter>
    </ClCompile>
    <ClCompile Include="LabProject07-3.cpp">
      <Filter>소스 파일\ETC</Filter>
    </ClCompile>
    <ClCompile Include="stdafx.cpp">
      <Filter>소스 파일\ETC</Filter>
    </ClCompile>
    <ClCompile Include="FbxToDxTranslation.cpp">
      <Filter>소스 파일\FBX</Filter>
    </ClCompile>
    <ClCompile Include="AABB.cpp">
      <Filter>소스 파일\DX11</Filter>
    </ClCompile>
    <ClCompile Include="Material.cpp">
      <Filter>소스 파일\DX11</Filter>
    </ClCompile>
    <ClCompile Include="Texture.cpp">
      <Filter>소스 파일\DX11</Filter>
    </ClCompile>
    <ClCompile Include="Animation.cpp">
      <Filter>소스 파일\FBX\Animation</Filter>
    </ClCompile>
    <ClCompile Include="AnimationController.cpp">
      <Filter>소스 파일\FBX\Animation</Filter>
    </ClCompile>
    <ClCompile Include="AnimationInstancing.cpp">
      <Filter>소스 파일\FBX\Animation</Filter>
    </ClCompile>
    <ClCompile Include="Shader.cpp">
      <Filter>소스 파일\DX11</Filter>
    </ClCompile>
  </ItemGroup>
  <ItemGroup>
    <ResourceCompile Include="LabProject07-3.rc">
      <Filter>리소스 파일</Filter>
    </ResourceCompile>
  </ItemGroup>
</Project>